
Microsoft Visual Studio Solution File, Format Version 12.00
# Visual Studio Version 16
VisualStudioVersion = 16.0.31515.178
MinimumVisualStudioVersion = 10.0.40219.1
Project("{9A19103F-16F7-4668-BE54-9A1E7A4F7556}") = "WeatherService.API", "WeatherService.API\WeatherService.API.csproj", "{0DF6B37B-4A4D-453D-A157-DF744DCC67A8}"
EndProject
Global
	GlobalSection(SolutionConfigurationPlatforms) = preSolution
		Debug|Any CPU = Debug|Any CPU
		Release|Any CPU = Release|Any CPU
	EndGlobalSection
	GlobalSection(ProjectConfigurationPlatforms) = postSolution
		{0DF6B37B-4A4D-453D-A157-DF744DCC67A8}.Debug|Any CPU.ActiveCfg = Debug|Any CPU
		{0DF6B37B-4A4D-453D-A157-DF744DCC67A8}.Debug|Any CPU.Build.0 = Debug|Any CPU
		{0DF6B37B-4A4D-453D-A157-DF744DCC67A8}.Release|Any CPU.ActiveCfg = Release|Any CPU
		{0DF6B37B-4A4D-453D-A157-DF744DCC67A8}.Release|Any CPU.Build.0 = Release|Any CPU
	EndGlobalSection
	GlobalSection(SolutionProperties) = preSolution
		HideSolutionNode = FALSE
	EndGlobalSection
	GlobalSection(ExtensibilityGlobals) = postSolution
		SolutionGuid = {05C40D5A-F0B8-4F24-B3F3-1AC44712CB89}
	EndGlobalSection
EndGlobal
